
Microsoft Visual Studio Solution File, Format Version 12.00
# Visual Studio Version 17
VisualStudioVersion = 17.9.34728.123
MinimumVisualStudioVersion = 10.0.40219.1
Project("{FAE04EC0-301F-11D3-BF4B-00C04F79EFBC}") = "_27102024_SwitchCaseCondition_CodersLife", "_27102024_SwitchCaseCondition_CodersLife\_27102024_SwitchCaseCondition_CodersLife.csproj", "{8966F8DD-8785-42BA-91E2-25E4AA056611}"
EndProject
Global
	GlobalSection(SolutionConfigurationPlatforms) = preSolution
		Debug|Any CPU = Debug|Any CPU
		Release|Any CPU = Release|Any CPU
	EndGlobalSection
	GlobalSection(ProjectConfigurationPlatforms) = postSolution
		{8966F8DD-8785-42BA-91E2-25E4AA056611}.Debug|Any CPU.ActiveCfg = Debug|Any CPU
		{8966F8DD-8785-42BA-91E2-25E4AA056611}.Debug|Any CPU.Build.0 = Debug|Any CPU
		{8966F8DD-8785-42BA-91E2-25E4AA056611}.Release|Any CPU.ActiveCfg = Release|Any CPU
		{8966F8DD-8785-42BA-91E2-25E4AA056611}.Release|Any CPU.Build.0 = Release|Any CPU
	EndGlobalSection
	GlobalSection(SolutionProperties) = preSolution
		HideSolutionNode = FALSE
	EndGlobalSection
	GlobalSection(ExtensibilityGlobals) = postSolution
		SolutionGuid = {515D0BAC-5B2C-43A8-91E5-761CC66DD8F6}
	EndGlobalSection
EndGlobal
